
Microsoft Visual Studio Solution File, Format Version 12.00
# Visual Studio 15
VisualStudioVersion = 15.0.28010.2026
MinimumVisualStudioVersion = 10.0.40219.1
Project("{FAE04EC0-301F-11D3-BF4B-00C04F79EFBC}") = "LocalDBPractice.Android", "LocalDBPractice\LocalDBPractice.Android\LocalDBPractice.Android.csproj", "{43E12548-14B2-4079-8B6C-EFB3ED73A7D7}"
EndProject
Project("{FAE04EC0-301F-11D3-BF4B-00C04F79EFBC}") = "LocalDBPractice.iOS", "LocalDBPractice\LocalDBPractice.iOS\LocalDBPractice.iOS.csproj", "{B097A13E-259B-4CFA-8B20-E75BCB874177}"
EndProject
Project("{FAE04EC0-301F-11D3-BF4B-00C04F79EFBC}") = "LocalDBPractice", "LocalDBPractice\LocalDBPractice\LocalDBPractice.csproj", "{72B99BFA-395B-44BC-BF1C-B9CD35A034BE}"
EndProject
Global
	GlobalSection(SolutionConfigurationPlatforms) = preSolution
		Ad-Hoc|Any CPU = Ad-Hoc|Any CPU
		Ad-Hoc|iPhone = Ad-Hoc|iPhone
		Ad-Hoc|iPhoneSimulator = Ad-Hoc|iPhoneSimulator
		AppStore|Any CPU = AppStore|Any CPU
		AppStore|iPhone = AppStore|iPhone
		AppStore|iPhoneSimulator = AppStore|iPhoneSimulator
		Debug|Any CPU = Debug|Any CPU
		Debug|iPhone = Debug|iPhone
		Debug|iPhoneSimulator = Debug|iPhoneSimulator
		Release|Any CPU = Release|Any CPU
		Release|iPhone = Release|iPhone
		Release|iPhoneSimulator = Release|iPhoneSimulator
	EndGlobalSection
	GlobalSection(ProjectConfigurationPlatforms) = postSolution
		{43E12548-14B2-4079-8B6C-EFB3ED73A7D7}.Ad-Hoc|Any CPU.ActiveCfg = Release|Any CPU
		{43E12548-14B2-4079-8B6C-EFB3ED73A7D7}.Ad-Hoc|Any CPU.Build.0 = Release|Any CPU
		{43E12548-14B2-4079-8B6C-EFB3ED73A7D7}.Ad-Hoc|Any CPU.Deploy.0 = Release|Any CPU
		{43E12548-14B2-4079-8B6C-EFB3ED73A7D7}.Ad-Hoc|iPhone.ActiveCfg = Release|Any CPU
		{43E12548-14B2-4079-8B6C-EFB3ED73A7D7}.Ad-Hoc|iPhone.Build.0 = Release|Any CPU
		{43E12548-14B2-4079-8B6C-EFB3ED73A7D7}.Ad-Hoc|iPhone.Deploy.0 = Release|Any CPU
		{43E12548-14B2-4079-8B6C-EFB3ED73A7D7}.Ad-Hoc|iPhoneSimulator.ActiveCfg = Release|Any CPU
		{43E12548-14B2-4079-8B6C-EFB3ED73A7D7}.Ad-Hoc|iPhoneSimulator.Build.0 = Release|Any CPU
		{43E12548-14B2-4079-8B6C-EFB3ED73A7D7}.Ad-Hoc|iPhoneSimulator.Deploy.0 = Release|Any CPU
		{43E12548-14B2-4079-8B6C-EFB3ED73A7D7}.AppStore|Any CPU.ActiveCfg = Release|Any CPU
		{43E12548-14B2-4079-8B6C-EFB3ED73A7D7}.AppStore|Any CPU.Build.0 = Release|Any CPU
		{43E12548-14B2-4079-8B6C-EFB3ED73A7D7}.AppStore|Any CPU.Deploy.0 = Release|Any CPU
		{43E12548-14B2-4079-8B6C-EFB3ED73A7D7}.AppStore|iPhone.ActiveCfg = Release|Any CPU
		{43E12548-14B2-4079-8B6C-EFB3ED73A7D7}.AppStore|iPhone.Build.0 = Release|Any CPU
		{43E12548-14B2-4079-8B6C-EFB3ED73A7D7}.AppStore|iPhone.Deploy.0 = Release|Any CPU
		{43E12548-14B2-4079-8B6C-EFB3ED73A7D7}.AppStore|iPhoneSimulator.ActiveCfg = Release|Any CPU
		{43E12548-14B2-4079-8B6C-EFB3ED73A7D7}.AppStore|iPhoneSimulator.Build.0 = Release|Any CPU
		{43E12548-14B2-4079-8B6C-EFB3ED73A7D7}.AppStore|iPhoneSimulator.Deploy.0 = Release|Any CPU
		{43E12548-14B2-4079-8B6C-EFB3ED73A7D7}.Debug|Any CPU.ActiveCfg = Debug|Any CPU
		{43E12548-14B2-4079-8B6C-EFB3ED73A7D7}.Debug|Any CPU.Build.0 = Debug|Any CPU
		{43E12548-14B2-4079-8B6C-EFB3ED73A7D7}.Debug|Any CPU.Deploy.0 = Debug|Any CPU
		{43E12548-14B2-4079-8B6C-EFB3ED73A7D7}.Debug|iPhone.ActiveCfg = Debug|Any CPU
		{43E12548-14B2-4079-8B6C-EFB3ED73A7D7}.Debug|iPhone.Build.0 = Debug|Any CPU
		{43E12548-14B2-4079-8B6C-EFB3ED73A7D7}.Debug|iPhone.Deploy.0 = Debug|Any CPU
		{43E12548-14B2-4079-8B6C-EFB3ED73A7D7}.Debug|iPhoneSimulator.ActiveCfg = Debug|Any CPU
		{43E12548-14B2-4079-8B6C-EFB3ED73A7D7}.Debug|iPhoneSimulator.Build.0 = Debug|Any CPU
		{43E12548-14B2-4079-8B6C-EFB3ED73A7D7}.Debug|iPhoneSimulator.Deploy.0 = Debug|Any CPU
		{43E12548-14B2-4079-8B6C-EFB3ED73A7D7}.Release|Any CPU.ActiveCfg = Release|Any CPU
		{43E12548-14B2-4079-8B6C-EFB3ED73A7D7}.Release|Any CPU.Build.0 = Release|Any CPU
		{43E12548-14B2-4079-8B6C-EFB3ED73A7D7}.Release|Any CPU.Deploy.0 = Release|Any CPU
		{43E12548-14B2-4079-8B6C-EFB3ED73A7D7}.Release|iPhone.ActiveCfg = Release|Any CPU
		{43E12548-14B2-4079-8B6C-EFB3ED73A7D7}.Release|iPhone.Build.0 = Release|Any CPU
		{43E12548-14B2-4079-8B6C-EFB3ED73A7D7}.Release|iPhone.Deploy.0 = Release|Any CPU
		{43E12548-14B2-4079-8B6C-EFB3ED73A7D7}.Release|iPhoneSimulator.ActiveCfg = Release|Any CPU
		{43E12548-14B2-4079-8B6C-EFB3ED73A7D7}.Release|iPhoneSimulator.Build.0 = Release|Any CPU
		{43E12548-14B2-4079-8B6C-EFB3ED73A7D7}.Release|iPhoneSimulator.Deploy.0 = Release|Any CPU
		{B097A13E-259B-4CFA-8B20-E75BCB874177}.Ad-Hoc|Any CPU.ActiveCfg = Ad-Hoc|iPhone
		{B097A13E-259B-4CFA-8B20-E75BCB874177}.Ad-Hoc|Any CPU.Build.0 = Ad-Hoc|iPhone
		{B097A13E-259B-4CFA-8B20-E75BCB874177}.Ad-Hoc|Any CPU.Deploy.0 = Ad-Hoc|iPhone
		{B097A13E-259B-4CFA-8B20-E75BCB874177}.Ad-Hoc|iPhone.ActiveCfg = Ad-Hoc|iPhone
		{B097A13E-259B-4CFA-8B20-E75BCB874177}.Ad-Hoc|iPhone.Build.0 = Ad-Hoc|iPhone
		{B097A13E-259B-4CFA-8B20-E75BCB874177}.Ad-Hoc|iPhone.Deploy.0 = Ad-Hoc|iPhone
		{B097A13E-259B-4CFA-8B20-E75BCB874177}.Ad-Hoc|iPhoneSimulator.ActiveCfg = Ad-Hoc|iPhoneSimulator
		{B097A13E-259B-4CFA-8B20-E75BCB874177}.Ad-Hoc|iPhoneSimulator.Build.0 = Ad-Hoc|iPhoneSimulator
		{B097A13E-259B-4CFA-8B20-E75BCB874177}.Ad-Hoc|iPhoneSimulator.Deploy.0 = Ad-Hoc|iPhoneSimulator
		{B097A13E-259B-4CFA-8B20-E75BCB874177}.AppStore|Any CPU.ActiveCfg = AppStore|iPhone
		{B097A13E-259B-4CFA-8B20-E75BCB874177}.AppStore|Any CPU.Build.0 = AppStore|iPhone
		{B097A13E-259B-4CFA-8B20-E75BCB874177}.AppStore|Any CPU.Deploy.0 = AppStore|iPhone
		{B097A13E-259B-4CFA-8B20-E75BCB874177}.AppStore|iPhone.ActiveCfg = AppStore|iPhone
		{B097A13E-259B-4CFA-8B20-E75BCB874177}.AppStore|iPhone.Build.0 = AppStore|iPhone
		{B097A13E-259B-4CFA-8B20-E75BCB874177}.AppStore|iPhone.Deploy.0 = AppStore|iPhone
		{B097A13E-259B-4CFA-8B20-E75BCB874177}.AppStore|iPhoneSimulator.ActiveCfg = AppStore|iPhoneSimulator
		{B097A13E-259B-4CFA-8B20-E75BCB874177}.AppStore|iPhoneSimulator.Build.0 = AppStore|iPhoneSimulator
		{B097A13E-259B-4CFA-8B20-E75BCB874177}.AppStore|iPhoneSimulator.Deploy.0 = AppStore|iPhoneSimulator
		{B097A13E-259B-4CFA-8B20-E75BCB874177}.Debug|Any CPU.ActiveCfg = Debug|iPhoneSimulator
		{B097A13E-259B-4CFA-8B20-E75BCB874177}.Debug|Any CPU.Build.0 = Debug|iPhoneSimulator
		{B097A13E-259B-4CFA-8B20-E75BCB874177}.Debug|Any CPU.Deploy.0 = Debug|iPhoneSimulator
		{B097A13E-259B-4CFA-8B20-E75BCB874177}.Debug|iPhone.ActiveCfg = Debug|iPhone
		{B097A13E-259B-4CFA-8B20-E75BCB874177}.Debug|iPhone.Build.0 = Debug|iPhone
		{B097A13E-259B-4CFA-8B20-E75BCB874177}.Debug|iPhone.Deploy.0 = Debug|iPhone
		{B097A13E-259B-4CFA-8B20-E75BCB874177}.Debug|iPhoneSimulator.ActiveCfg = Debug|iPhoneSimulator
		{B097A13E-259B-4CFA-8B20-E75BCB874177}.Debug|iPhoneSimulator.Build.0 = Debug|iPhoneSimulator
		{B097A13E-259B-4CFA-8B20-E75BCB874177}.Debug|iPhoneSimulator.Deploy.0 = Debug|iPhoneSimulator
		{B097A13E-259B-4CFA-8B20-E75BCB874177}.Release|Any CPU.ActiveCfg = Release|iPhone
		{B097A13E-259B-4CFA-8B20-E75BCB874177}.Release|Any CPU.Build.0 = Release|iPhone
		{B097A13E-259B-4CFA-8B20-E75BCB874177}.Release|Any CPU.Deploy.0 = Release|iPhone
		{B097A13E-259B-4CFA-8B20-E75BCB874177}.Release|iPhone.ActiveCfg = Release|iPhone
		{B097A13E-259B-4CFA-8B20-E75BCB874177}.Release|iPhone.Build.0 = Release|iPhone
		{B097A13E-259B-4CFA-8B20-E75BCB874177}.Release|iPhone.Deploy.0 = Release|iPhone
		{B097A13E-259B-4CFA-8B20-E75BCB874177}.Release|iPhoneSimulator.ActiveCfg = Release|iPhoneSimulator
		{B097A13E-259B-4CFA-8B20-E75BCB874177}.Release|iPhoneSimulator.Build.0 = Release|iPhoneSimulator
		{B097A13E-259B-4CFA-8B20-E75BCB874177}.Release|iPhoneSimulator.Deploy.0 = Release|iPhoneSimulator
		{72B99BFA-395B-44BC-BF1C-B9CD35A034BE}.Ad-Hoc|Any CPU.ActiveCfg = Debug|Any CPU
		{72B99BFA-395B-44BC-BF1C-B9CD35A034BE}.Ad-Hoc|Any CPU.Build.0 = Debug|Any CPU
		{72B99BFA-395B-44BC-BF1C-B9CD35A034BE}.Ad-Hoc|Any CPU.Deploy.0 = Debug|Any CPU
		{72B99BFA-395B-44BC-BF1C-B9CD35A034BE}.Ad-Hoc|iPhone.ActiveCfg = Debug|Any CPU
		{72B99BFA-395B-44BC-BF1C-B9CD35A034BE}.Ad-Hoc|iPhone.Build.0 = Debug|Any CPU
		{72B99BFA-395B-44BC-BF1C-B9CD35A034BE}.Ad-Hoc|iPhone.Deploy.0 = Debug|Any CPU
		{72B99BFA-395B-44BC-BF1C-B9CD35A034BE}.Ad-Hoc|iPhoneSimulator.ActiveCfg = Debug|Any CPU
		{72B99BFA-395B-44BC-BF1C-B9CD35A034BE}.Ad-Hoc|iPhoneSimulator.Build.0 = Debug|Any CPU
		{72B99BFA-395B-44BC-BF1C-B9CD35A034BE}.Ad-Hoc|iPhoneSimulator.Deploy.0 = Debug|Any CPU
		{72B99BFA-395B-44BC-BF1C-B9CD35A034BE}.AppStore|Any CPU.ActiveCfg = Debug|Any CPU
		{72B99BFA-395B-44BC-BF1C-B9CD35A034BE}.AppStore|Any CPU.Build.0 = Debug|Any CPU
		{72B99BFA-395B-44BC-BF1C-B9CD35A034BE}.AppStore|Any CPU.Deploy.0 = Debug|Any CPU
		{72B99BFA-395B-44BC-BF1C-B9CD35A034BE}.AppStore|iPhone.ActiveCfg = Debug|Any CPU
		{72B99BFA-395B-44BC-BF1C-B9CD35A034BE}.AppStore|iPhone.Build.0 = Debug|Any CPU
		{72B99BFA-395B-44BC-BF1C-B9CD35A034BE}.AppStore|iPhone.Deploy.0 = Debug|Any CPU
		{72B99BFA-395B-44BC-BF1C-B9CD35A034BE}.AppStore|iPhoneSimulator.ActiveCfg = Debug|Any CPU
		{72B99BFA-395B-44BC-BF1C-B9CD35A034BE}.AppStore|iPhoneSimulator.Build.0 = Debug|Any CPU
		{72B99BFA-395B-44BC-BF1C-B9CD35A034BE}.AppStore|iPhoneSimulator.Deploy.0 = Debug|Any CPU
		{72B99BFA-395B-44BC-BF1C-B9CD35A034BE}.Debug|Any CPU.ActiveCfg = Debug|Any CPU
		{72B99BFA-395B-44BC-BF1C-B9CD35A034BE}.Debug|Any CPU.Build.0 = Debug|Any CPU
		{72B99BFA-395B-44BC-BF1C-B9CD35A034BE}.Debug|Any CPU.Deploy.0 = Debug|Any CPU
		{72B99BFA-395B-44BC-BF1C-B9CD35A034BE}.Debug|iPhone.ActiveCfg = Debug|Any CPU
		{72B99BFA-395B-44BC-BF1C-B9CD35A034BE}.Debug|iPhone.Build.0 = Debug|Any CPU
		{72B99BFA-395B-44BC-BF1C-B9CD35A034BE}.Debug|iPhone.Deploy.0 = Debug|Any CPU
		{72B99BFA-395B-44BC-BF1C-B9CD35A034BE}.Debug|iPhoneSimulator.ActiveCfg = Debug|Any CPU
		{72B99BFA-395B-44BC-BF1C-B9CD35A034BE}.Debug|iPhoneSimulator.Build.0 = Debug|Any CPU
		{72B99BFA-395B-44BC-BF1C-B9CD35A034BE}.Debug|iPhoneSimulator.Deploy.0 = Debug|Any CPU
		{72B99BFA-395B-44BC-BF1C-B9CD35A034BE}.Release|Any CPU.ActiveCfg = Release|Any CPU
		{72B99BFA-395B-44BC-BF1C-B9CD35A034BE}.Release|Any CPU.Build.0 = Release|Any CPU
		{72B99BFA-395B-44BC-BF1C-B9CD35A034BE}.Release|Any CPU.Deploy.0 = Release|Any CPU
		{72B99BFA-395B-44BC-BF1C-B9CD35A034BE}.Release|iPhone.ActiveCfg = Release|Any CPU
		{72B99BFA-395B-44BC-BF1C-B9CD35A034BE}.Release|iPhone.Build.0 = Release|Any CPU
		{72B99BFA-395B-44BC-BF1C-B9CD35A034BE}.Release|iPhone.Deploy.0 = Release|Any CPU
		{72B99BFA-395B-44BC-BF1C-B9CD35A034BE}.Release|iPhoneSimulator.ActiveCfg = Release|Any CPU
		{72B99BFA-395B-44BC-BF1C-B9CD35A034BE}.Release|iPhoneSimulator.Build.0 = Release|Any CPU
		{72B99BFA-395B-44BC-BF1C-B9CD35A034BE}.Release|iPhoneSimulator.Deploy.0 = Release|Any CPU
	EndGlobalSection
	GlobalSection(SolutionProperties) = preSolution
		HideSolutionNode = FALSE
	EndGlobalSection
	GlobalSection(ExtensibilityGlobals) = postSolution
		SolutionGuid = {83B23F9A-A6D7-496F-99C7-91EB0A5B5346}
	EndGlobalSection
EndGlobal
